// !$*UTF8*$!
{
	archiveVersion = 1;
	classes = {
	};
	objectVersion = 46;
	objects = {

/* Begin PBXBuildFile section */
		A4349AF6566B47A4B968B61E /* libPods.a in Frameworks */ = {isa = PBXBuildFile; fileRef = E8D0C4CD4284482782BD32E2 /* libPods.a */; };
		CF409E0C1885E5000054997B /* LayoutTests.m in Sources */ = {isa = PBXBuildFile; fileRef = CF409E0B1885E5000054997B /* LayoutTests.m */; };
		CF5351ED186B24C9008210D9 /* LKPSimpleViewController.m in Sources */ = {isa = PBXBuildFile; fileRef = CF5351EC186B24C9008210D9 /* LKPSimpleViewController.m */; };
		CF5351F0186B2541008210D9 /* LKPSimpleView.m in Sources */ = {isa = PBXBuildFile; fileRef = CF5351EF186B2541008210D9 /* LKPSimpleView.m */; };
		CF5351F8186B49D3008210D9 /* LKPMainMenuItem.m in Sources */ = {isa = PBXBuildFile; fileRef = CF5351F6186B2FF4008210D9 /* LKPMainMenuItem.m */; };
		CF5351F9186B49E7008210D9 /* LKPMainMenuController.m in Sources */ = {isa = PBXBuildFile; fileRef = CF5351F3186B2E88008210D9 /* LKPMainMenuController.m */; };
		CF5351FF186C51A0008210D9 /* LKPTextFieldViewController.m in Sources */ = {isa = PBXBuildFile; fileRef = CF5351FE186C51A0008210D9 /* LKPTextFieldViewController.m */; };
		CF535202186C520D008210D9 /* LKPTextFieldView.m in Sources */ = {isa = PBXBuildFile; fileRef = CF535201186C520D008210D9 /* LKPTextFieldView.m */; };
		CF535206186C5736008210D9 /* LKPTextViewContainer.m in Sources */ = {isa = PBXBuildFile; fileRef = CF535205186C5736008210D9 /* LKPTextViewContainer.m */; };
		CF8F9AD818986A5100801EE2 /* PriorityTests.m in Sources */ = {isa = PBXBuildFile; fileRef = CF8F9AD718986A5100801EE2 /* PriorityTests.m */; };
		CFA47BA718469CB100DDFA75 /* Images.xcassets in Resources */ = {isa = PBXBuildFile; fileRef = CFA47BA618469CB100DDFA75 /* Images.xcassets */; };
		CFA9B0051784365600D320ED /* UIKit.framework in Frameworks */ = {isa = PBXBuildFile; fileRef = CFA9B0041784365600D320ED /* UIKit.framework */; };
		CFA9B0071784365600D320ED /* Foundation.framework in Frameworks */ = {isa = PBXBuildFile; fileRef = CFA9B0061784365600D320ED /* Foundation.framework */; };
		CFA9B0091784365600D320ED /* CoreGraphics.framework in Frameworks */ = {isa = PBXBuildFile; fileRef = CFA9B0081784365600D320ED /* CoreGraphics.framework */; };
		CFA9B00F1784365600D320ED /* InfoPlist.strings in Resources */ = {isa = PBXBuildFile; fileRef = CFA9B00D1784365600D320ED /* InfoPlist.strings */; };
		CFA9B0111784365600D320ED /* main.m in Sources */ = {isa = PBXBuildFile; fileRef = CFA9B0101784365600D320ED /* main.m */; };
		CFA9B0151784365600D320ED /* LKPAppDelegate.m in Sources */ = {isa = PBXBuildFile; fileRef = CFA9B0141784365600D320ED /* LKPAppDelegate.m */; };
		CFA9B0171784365600D320ED /* Default.png in Resources */ = {isa = PBXBuildFile; fileRef = CFA9B0161784365600D320ED /* Default.png */; };
		CFA9B0191784365600D320ED /* Default@2x.png in Resources */ = {isa = PBXBuildFile; fileRef = CFA9B0181784365600D320ED /* Default@2x.png */; };
		CFA9B01B1784365600D320ED /* Default-568h@2x.png in Resources */ = {isa = PBXBuildFile; fileRef = CFA9B01A1784365600D320ED /* Default-568h@2x.png */; };
		CFA9B01E1784365600D320ED /* LKPMainViewController.m in Sources */ = {isa = PBXBuildFile; fileRef = CFA9B01D1784365600D320ED /* LKPMainViewController.m */; };
		CFE173761882E33E00B319D0 /* XCTest.framework in Frameworks */ = {isa = PBXBuildFile; fileRef = CFE173751882E33E00B319D0 /* XCTest.framework */; };
		CFE173771882E33E00B319D0 /* Foundation.framework in Frameworks */ = {isa = PBXBuildFile; fileRef = CFA9B0061784365600D320ED /* Foundation.framework */; };
		CFE173781882E33E00B319D0 /* UIKit.framework in Frameworks */ = {isa = PBXBuildFile; fileRef = CFA9B0041784365600D320ED /* UIKit.framework */; };
		CFE1737E1882E33E00B319D0 /* InfoPlist.strings in Resources */ = {isa = PBXBuildFile; fileRef = CFE1737C1882E33E00B319D0 /* InfoPlist.strings */; };
		CFE173801882E33E00B319D0 /* AutoLayoutKitTests.m in Sources */ = {isa = PBXBuildFile; fileRef = CFE1737F1882E33E00B319D0 /* AutoLayoutKitTests.m */; };
		E4C6FE0CADCC48F1A0015562 /* libPods-AutoLayoutKitTests.a in Frameworks */ = {isa = PBXBuildFile; fileRef = A599F234F9FD4C84BD310E95 /* libPods-AutoLayoutKitTests.a */; };
/* End PBXBuildFile section */

/* Begin PBXContainerItemProxy section */
		CFE173821882E33E00B319D0 /* PBXContainerItemProxy */ = {
			isa = PBXContainerItemProxy;
			containerPortal = CFA9AFF91784365600D320ED /* Project object */;
			proxyType = 1;
			remoteGlobalIDString = CFA9B0001784365600D320ED;
			remoteInfo = LayoutKitPrototype;
		};
/* End PBXContainerItemProxy section */

/* Begin PBXFileReference section */
		61B20BC253E14DE4B5CE9F69 /* Pods-AutoLayoutKitTests.xcconfig */ = {isa = PBXFileReference; includeInIndex = 1; lastKnownFileType = text.xcconfig; name = "Pods-AutoLayoutKitTests.xcconfig"; path = "Pods/Pods-AutoLayoutKitTests.xcconfig"; sourceTree = "<group>"; };
		83F409991E004A039B18F420 /* Pods.xcconfig */ = {isa = PBXFileReference; includeInIndex = 1; lastKnownFileType = text.xcconfig; name = Pods.xcconfig; path = Pods/Pods.xcconfig; sourceTree = "<group>"; };
		A599F234F9FD4C84BD310E95 /* libPods-AutoLayoutKitTests.a */ = {isa = PBXFileReference; explicitFileType = archive.ar; includeInIndex = 0; path = "libPods-AutoLayoutKitTests.a"; sourceTree = BUILT_PRODUCTS_DIR; };
		CF409E0B1885E5000054997B /* LayoutTests.m */ = {isa = PBXFileReference; fileEncoding = 4; indentWidth = 2; lastKnownFileType = sourcecode.c.objc; path = LayoutTests.m; sourceTree = "<group>"; tabWidth = 2; };
		CF5351EB186B24C9008210D9 /* LKPSimpleViewController.h */ = {isa = PBXFileReference; fileEncoding = 4; lastKnownFileType = sourcecode.c.h; path = LKPSimpleViewController.h; sourceTree = "<group>"; };
		CF5351EC186B24C9008210D9 /* LKPSimpleViewController.m */ = {isa = PBXFileReference; fileEncoding = 4; lastKnownFileType = sourcecode.c.objc; path = LKPSimpleViewController.m; sourceTree = "<group>"; };
		CF5351EE186B2541008210D9 /* LKPSimpleView.h */ = {isa = PBXFileReference; fileEncoding = 4; lastKnownFileType = sourcecode.c.h; path = LKPSimpleView.h; sourceTree = "<group>"; };
		CF5351EF186B2541008210D9 /* LKPSimpleView.m */ = {isa = PBXFileReference; fileEncoding = 4; lastKnownFileType = sourcecode.c.objc; path = LKPSimpleView.m; sourceTree = "<group>"; };
		CF5351F2186B2E88008210D9 /* LKPMainMenuController.h */ = {isa = PBXFileReference; fileEncoding = 4; lastKnownFileType = sourcecode.c.h; path = LKPMainMenuController.h; sourceTree = "<group>"; };
		CF5351F3186B2E88008210D9 /* LKPMainMenuController.m */ = {isa = PBXFileReference; fileEncoding = 4; lastKnownFileType = sourcecode.c.objc; path = LKPMainMenuController.m; sourceTree = "<group>"; };
		CF5351F5186B2FF4008210D9 /* LKPMainMenuItem.h */ = {isa = PBXFileReference; fileEncoding = 4; lastKnownFileType = sourcecode.c.h; path = LKPMainMenuItem.h; sourceTree = "<group>"; };
		CF5351F6186B2FF4008210D9 /* LKPMainMenuItem.m */ = {isa = PBXFileReference; fileEncoding = 4; lastKnownFileType = sourcecode.c.objc; path = LKPMainMenuItem.m; sourceTree = "<group>"; };
		CF5351FD186C51A0008210D9 /* LKPTextFieldViewController.h */ = {isa = PBXFileReference; fileEncoding = 4; lastKnownFileType = sourcecode.c.h; path = LKPTextFieldViewController.h; sourceTree = "<group>"; };
		CF5351FE186C51A0008210D9 /* LKPTextFieldViewController.m */ = {isa = PBXFileReference; fileEncoding = 4; lastKnownFileType = sourcecode.c.objc; path = LKPTextFieldViewController.m; sourceTree = "<group>"; };
		CF535200186C520D008210D9 /* LKPTextFieldView.h */ = {isa = PBXFileReference; fileEncoding = 4; lastKnownFileType = sourcecode.c.h; path = LKPTextFieldView.h; sourceTree = "<group>"; };
		CF535201186C520D008210D9 /* LKPTextFieldView.m */ = {isa = PBXFileReference; fileEncoding = 4; lastKnownFileType = sourcecode.c.objc; path = LKPTextFieldView.m; sourceTree = "<group>"; };
		CF535204186C5736008210D9 /* LKPTextViewContainer.h */ = {isa = PBXFileReference; fileEncoding = 4; lastKnownFileType = sourcecode.c.h; path = LKPTextViewContainer.h; sourceTree = "<group>"; };
		CF535205186C5736008210D9 /* LKPTextViewContainer.m */ = {isa = PBXFileReference; fileEncoding = 4; lastKnownFileType = sourcecode.c.objc; path = LKPTextViewContainer.m; sourceTree = "<group>"; };
		CF8F9AD718986A5100801EE2 /* PriorityTests.m */ = {isa = PBXFileReference; fileEncoding = 4; lastKnownFileType = sourcecode.c.objc; path = PriorityTests.m; sourceTree = "<group>"; };
		CFA47BA618469CB100DDFA75 /* Images.xcassets */ = {isa = PBXFileReference; lastKnownFileType = folder.assetcatalog; path = Images.xcassets; sourceTree = "<group>"; };
		CFA9B0011784365600D320ED /* LayoutKitPrototype.app */ = {isa = PBXFileReference; explicitFileType = wrapper.application; includeInIndex = 0; path = LayoutKitPrototype.app; sourceTree = BUILT_PRODUCTS_DIR; };
		CFA9B0041784365600D320ED /* UIKit.framework */ = {isa = PBXFileReference; lastKnownFileType = wrapper.framework; name = UIKit.framework; path = System/Library/Frameworks/UIKit.framework; sourceTree = SDKROOT; };
		CFA9B0061784365600D320ED /* Foundation.framework */ = {isa = PBXFileReference; lastKnownFileType = wrapper.framework; name = Foundation.framework; path = System/Library/Frameworks/Foundation.framework; sourceTree = SDKROOT; };
		CFA9B0081784365600D320ED /* CoreGraphics.framework */ = {isa = PBXFileReference; lastKnownFileType = wrapper.framework; name = CoreGraphics.framework; path = System/Library/Frameworks/CoreGraphics.framework; sourceTree = SDKROOT; };
		CFA9B00C1784365600D320ED /* LayoutKitPrototype-Info.plist */ = {isa = PBXFileReference; lastKnownFileType = text.plist.xml; path = "LayoutKitPrototype-Info.plist"; sourceTree = "<group>"; };
		CFA9B00E1784365600D320ED /* en */ = {isa = PBXFileReference; lastKnownFileType = text.plist.strings; name = en; path = en.lproj/InfoPlist.strings; sourceTree = "<group>"; };
		CFA9B0101784365600D320ED /* main.m */ = {isa = PBXFileReference; lastKnownFileType = sourcecode.c.objc; path = main.m; sourceTree = "<group>"; };
		CFA9B0121784365600D320ED /* LayoutKitPrototype-Prefix.pch */ = {isa = PBXFileReference; lastKnownFileType = sourcecode.c.h; path = "LayoutKitPrototype-Prefix.pch"; sourceTree = "<group>"; };
		CFA9B0131784365600D320ED /* LKPAppDelegate.h */ = {isa = PBXFileReference; lastKnownFileType = sourcecode.c.h; path = LKPAppDelegate.h; sourceTree = "<group>"; };
		CFA9B0141784365600D320ED /* LKPAppDelegate.m */ = {isa = PBXFileReference; lastKnownFileType = sourcecode.c.objc; path = LKPAppDelegate.m; sourceTree = "<group>"; };
		CFA9B0161784365600D320ED /* Default.png */ = {isa = PBXFileReference; lastKnownFileType = image.png; path = Default.png; sourceTree = "<group>"; };
		CFA9B0181784365600D320ED /* Default@2x.png */ = {isa = PBXFileReference; lastKnownFileType = image.png; path = "Default@2x.png"; sourceTree = "<group>"; };
		CFA9B01A1784365600D320ED /* Default-568h@2x.png */ = {isa = PBXFileReference; lastKnownFileType = image.png; path = "Default-568h@2x.png"; sourceTree = "<group>"; };
		CFA9B01C1784365600D320ED /* LKPMainViewController.h */ = {isa = PBXFileReference; lastKnownFileType = sourcecode.c.h; path = LKPMainViewController.h; sourceTree = "<group>"; };
		CFA9B01D1784365600D320ED /* LKPMainViewController.m */ = {isa = PBXFileReference; lastKnownFileType = sourcecode.c.objc; path = LKPMainViewController.m; sourceTree = "<group>"; };
		CFE173741882E33E00B319D0 /* AutoLayoutKitTests.xctest */ = {isa = PBXFileReference; explicitFileType = wrapper.cfbundle; includeInIndex = 0; path = AutoLayoutKitTests.xctest; sourceTree = BUILT_PRODUCTS_DIR; };
		CFE173751882E33E00B319D0 /* XCTest.framework */ = {isa = PBXFileReference; lastKnownFileType = wrapper.framework; name = XCTest.framework; path = Library/Frameworks/XCTest.framework; sourceTree = DEVELOPER_DIR; };
		CFE1737B1882E33E00B319D0 /* AutoLayoutKitTests-Info.plist */ = {isa = PBXFileReference; lastKnownFileType = text.plist.xml; path = "AutoLayoutKitTests-Info.plist"; sourceTree = "<group>"; };
		CFE1737D1882E33E00B319D0 /* en */ = {isa = PBXFileReference; lastKnownFileType = text.plist.strings; name = en; path = en.lproj/InfoPlist.strings; sourceTree = "<group>"; };
		CFE1737F1882E33E00B319D0 /* AutoLayoutKitTests.m */ = {isa = PBXFileReference; lastKnownFileType = sourcecode.c.objc; path = AutoLayoutKitTests.m; sourceTree = "<group>"; };
		CFE173811882E33E00B319D0 /* AutoLayoutKitTests-Prefix.pch */ = {isa = PBXFileReference; lastKnownFileType = sourcecode.c.h; path = "AutoLayoutKitTests-Prefix.pch"; sourceTree = "<group>"; };
		E8D0C4CD4284482782BD32E2 /* libPods.a */ = {isa = PBXFileReference; explicitFileType = archive.ar; includeInIndex = 0; path = libPods.a; sourceTree = BUILT_PRODUCTS_DIR; };
/* End PBXFileReference section */

/* Begin PBXFrameworksBuildPhase section */
		CFA9AFFE1784365600D320ED /* Frameworks */ = {
			isa = PBXFrameworksBuildPhase;
			buildActionMask = 2147483647;
			files = (
				CFA9B0051784365600D320ED /* UIKit.framework in Frameworks */,
				CFA9B0071784365600D320ED /* Foundation.framework in Frameworks */,
				CFA9B0091784365600D320ED /* CoreGraphics.framework in Frameworks */,
				A4349AF6566B47A4B968B61E /* libPods.a in Frameworks */,
			);
			runOnlyForDeploymentPostprocessing = 0;
		};
		CFE173711882E33E00B319D0 /* Frameworks */ = {
			isa = PBXFrameworksBuildPhase;
			buildActionMask = 2147483647;
			files = (
				CFE173761882E33E00B319D0 /* XCTest.framework in Frameworks */,
				CFE173781882E33E00B319D0 /* UIKit.framework in Frameworks */,
				CFE173771882E33E00B319D0 /* Foundation.framework in Frameworks */,
				E4C6FE0CADCC48F1A0015562 /* libPods-AutoLayoutKitTests.a in Frameworks */,
			);
			runOnlyForDeploymentPostprocessing = 0;
		};
/* End PBXFrameworksBuildPhase section */

/* Begin PBXGroup section */
		CF5351F1186B2E6C008210D9 /* Main Menu */ = {
			isa = PBXGroup;
			children = (
				CFA9B01C1784365600D320ED /* LKPMainViewController.h */,
				CFA9B01D1784365600D320ED /* LKPMainViewController.m */,
				CF5351F2186B2E88008210D9 /* LKPMainMenuController.h */,
				CF5351F3186B2E88008210D9 /* LKPMainMenuController.m */,
				CF5351F5186B2FF4008210D9 /* LKPMainMenuItem.h */,
				CF5351F6186B2FF4008210D9 /* LKPMainMenuItem.m */,
			);
			name = "Main Menu";
			sourceTree = "<group>";
		};
		CF5351FA186C4EE5008210D9 /* Examples */ = {
			isa = PBXGroup;
			children = (
				CF5351FB186C4EED008210D9 /* Simple Example */,
				CF5351FC186C515E008210D9 /* TextField Example */,
			);
			name = Examples;
			sourceTree = "<group>";
		};
		CF5351FB186C4EED008210D9 /* Simple Example */ = {
			isa = PBXGroup;
			children = (
				CF5351EB186B24C9008210D9 /* LKPSimpleViewController.h */,
				CF5351EC186B24C9008210D9 /* LKPSimpleViewController.m */,
				CF5351EE186B2541008210D9 /* LKPSimpleView.h */,
				CF5351EF186B2541008210D9 /* LKPSimpleView.m */,
			);
			name = "Simple Example";
			sourceTree = "<group>";
		};
		CF5351FC186C515E008210D9 /* TextField Example */ = {
			isa = PBXGroup;
			children = (
				CF535203186C5723008210D9 /* Subviews */,
				CF5351FD186C51A0008210D9 /* LKPTextFieldViewController.h */,
				CF5351FE186C51A0008210D9 /* LKPTextFieldViewController.m */,
				CF535200186C520D008210D9 /* LKPTextFieldView.h */,
				CF535201186C520D008210D9 /* LKPTextFieldView.m */,
			);
			name = "TextField Example";
			sourceTree = "<group>";
		};
		CF535203186C5723008210D9 /* Subviews */ = {
			isa = PBXGroup;
			children = (
				CF535204186C5736008210D9 /* LKPTextViewContainer.h */,
				CF535205186C5736008210D9 /* LKPTextViewContainer.m */,
			);
			name = Subviews;
			sourceTree = "<group>";
		};
		CFA9AFF81784365600D320ED = {
			isa = PBXGroup;
			children = (
				CFA9B00A1784365600D320ED /* LayoutKitPrototype */,
				CFE173791882E33E00B319D0 /* AutoLayoutKitTests */,
				CFA9B0031784365600D320ED /* Frameworks */,
				CFA9B0021784365600D320ED /* Products */,
				83F409991E004A039B18F420 /* Pods.xcconfig */,
				61B20BC253E14DE4B5CE9F69 /* Pods-AutoLayoutKitTests.xcconfig */,
			);
			sourceTree = "<group>";
		};
		CFA9B0021784365600D320ED /* Products */ = {
			isa = PBXGroup;
			children = (
				CFA9B0011784365600D320ED /* LayoutKitPrototype.app */,
				CFE173741882E33E00B319D0 /* AutoLayoutKitTests.xctest */,
			);
			name = Products;
			sourceTree = "<group>";
		};
		CFA9B0031784365600D320ED /* Frameworks */ = {
			isa = PBXGroup;
			children = (
				CFA9B0041784365600D320ED /* UIKit.framework */,
				CFA9B0061784365600D320ED /* Foundation.framework */,
				CFA9B0081784365600D320ED /* CoreGraphics.framework */,
				E8D0C4CD4284482782BD32E2 /* libPods.a */,
				CFE173751882E33E00B319D0 /* XCTest.framework */,
				A599F234F9FD4C84BD310E95 /* libPods-AutoLayoutKitTests.a */,
			);
			name = Frameworks;
			sourceTree = "<group>";
		};
		CFA9B00A1784365600D320ED /* LayoutKitPrototype */ = {
			isa = PBXGroup;
			children = (
				CF5351FA186C4EE5008210D9 /* Examples */,
				CF5351F1186B2E6C008210D9 /* Main Menu */,
				CFA9B00B1784365600D320ED /* Supporting Files */,
				CFA9B0131784365600D320ED /* LKPAppDelegate.h */,
				CFA9B0141784365600D320ED /* LKPAppDelegate.m */,
				CFA47BA618469CB100DDFA75 /* Images.xcassets */,
			);
			path = LayoutKitPrototype;
			sourceTree = "<group>";
		};
		CFA9B00B1784365600D320ED /* Supporting Files */ = {
			isa = PBXGroup;
			children = (
				CFA9B00C1784365600D320ED /* LayoutKitPrototype-Info.plist */,
				CFA9B00D1784365600D320ED /* InfoPlist.strings */,
				CFA9B0101784365600D320ED /* main.m */,
				CFA9B0121784365600D320ED /* LayoutKitPrototype-Prefix.pch */,
				CFA9B0161784365600D320ED /* Default.png */,
				CFA9B0181784365600D320ED /* Default@2x.png */,
				CFA9B01A1784365600D320ED /* Default-568h@2x.png */,
			);
			name = "Supporting Files";
			sourceTree = "<group>";
		};
		CFE173791882E33E00B319D0 /* AutoLayoutKitTests */ = {
			isa = PBXGroup;
			children = (
				CFE1737A1882E33E00B319D0 /* Supporting Files */,
				CFE1737F1882E33E00B319D0 /* AutoLayoutKitTests.m */,
				CF409E0B1885E5000054997B /* LayoutTests.m */,
				CF8F9AD718986A5100801EE2 /* PriorityTests.m */,
			);
			path = AutoLayoutKitTests;
			sourceTree = "<group>";
		};
		CFE1737A1882E33E00B319D0 /* Supporting Files */ = {
			isa = PBXGroup;
			children = (
				CFE1737B1882E33E00B319D0 /* AutoLayoutKitTests-Info.plist */,
				CFE1737C1882E33E00B319D0 /* InfoPlist.strings */,
				CFE173811882E33E00B319D0 /* AutoLayoutKitTests-Prefix.pch */,
			);
			name = "Supporting Files";
			sourceTree = "<group>";
		};
/* End PBXGroup section */

/* Begin PBXNativeTarget section */
		CFA9B0001784365600D320ED /* LayoutKitPrototype */ = {
			isa = PBXNativeTarget;
			buildConfigurationList = CFA9B0271784365600D320ED /* Build configuration list for PBXNativeTarget "LayoutKitPrototype" */;
			buildPhases = (
				C8C2D1D831FD4C68B0FDFA48 /* Check Pods Manifest.lock */,
				CFA9AFFD1784365600D320ED /* Sources */,
				CFA9AFFE1784365600D320ED /* Frameworks */,
				CFA9AFFF1784365600D320ED /* Resources */,
				D7B9EA35131C40E9948962F3 /* Copy Pods Resources */,
			);
			buildRules = (
			);
			dependencies = (
			);
			name = LayoutKitPrototype;
			productName = LayoutKitPrototype;
			productReference = CFA9B0011784365600D320ED /* LayoutKitPrototype.app */;
			productType = "com.apple.product-type.application";
		};
		CFE173731882E33E00B319D0 /* AutoLayoutKitTests */ = {
			isa = PBXNativeTarget;
			buildConfigurationList = CFE173861882E33E00B319D0 /* Build configuration list for PBXNativeTarget "AutoLayoutKitTests" */;
			buildPhases = (
				02DD5646643E45B6B73EF877 /* Check Pods Manifest.lock */,
				CFE173701882E33E00B319D0 /* Sources */,
				CFE173711882E33E00B319D0 /* Frameworks */,
				CFE173721882E33E00B319D0 /* Resources */,
				A4F7947B35234663A4003B7C /* Copy Pods Resources */,
			);
			buildRules = (
			);
			dependencies = (
				CFE173831882E33E00B319D0 /* PBXTargetDependency */,
			);
			name = AutoLayoutKitTests;
			productName = AutoLayoutKitTests;
			productReference = CFE173741882E33E00B319D0 /* AutoLayoutKitTests.xctest */;
			productType = "com.apple.product-type.bundle.unit-test";
		};
/* End PBXNativeTarget section */

/* Begin PBXProject section */
		CFA9AFF91784365600D320ED /* Project object */ = {
			isa = PBXProject;
			attributes = {
				CLASSPREFIX = LKP;
				LastUpgradeCheck = 0460;
				ORGANIZATIONNAME = projectserver.org;
				TargetAttributes = {
					CFE173731882E33E00B319D0 = {
						TestTargetID = CFA9B0001784365600D320ED;
					};
				};
			};
			buildConfigurationList = CFA9AFFC1784365600D320ED /* Build configuration list for PBXProject "LayoutKitPrototype" */;
			compatibilityVersion = "Xcode 3.2";
			developmentRegion = English;
			hasScannedForEncodings = 0;
			knownRegions = (
				en,
			);
			mainGroup = CFA9AFF81784365600D320ED;
			productRefGroup = CFA9B0021784365600D320ED /* Products */;
			projectDirPath = "";
			projectRoot = "";
			targets = (
				CFA9B0001784365600D320ED /* LayoutKitPrototype */,
				CFE173731882E33E00B319D0 /* AutoLayoutKitTests */,
			);
		};
/* End PBXProject section */

/* Begin PBXResourcesBuildPhase section */
		CFA9AFFF1784365600D320ED /* Resources */ = {
			isa = PBXResourcesBuildPhase;
			buildActionMask = 2147483647;
			files = (
				CFA9B00F1784365600D320ED /* InfoPlist.strings in Resources */,
				CFA47BA718469CB100DDFA75 /* Images.xcassets in Resources */,
				CFA9B0171784365600D320ED /* Default.png in Resources */,
				CFA9B0191784365600D320ED /* Default@2x.png in Resources */,
				CFA9B01B1784365600D320ED /* Default-568h@2x.png in Resources */,
			);
			runOnlyForDeploymentPostprocessing = 0;
		};
		CFE173721882E33E00B319D0 /* Resources */ = {
			isa = PBXResourcesBuildPhase;
			buildActionMask = 2147483647;
			files = (
				CFE1737E1882E33E00B319D0 /* InfoPlist.strings in Resources */,
			);
			runOnlyForDeploymentPostprocessing = 0;
		};
/* End PBXResourcesBuildPhase section */

/* Begin PBXShellScriptBuildPhase section */
		02DD5646643E45B6B73EF877 /* Check Pods Manifest.lock */ = {
			isa = PBXShellScriptBuildPhase;
			buildActionMask = 2147483647;
			files = (
			);
			inputPaths = (
			);
			name = "Check Pods Manifest.lock";
			outputPaths = (
			);
			runOnlyForDeploymentPostprocessing = 0;
			shellPath = /bin/sh;
			shellScript = "diff \"${PODS_ROOT}/../Podfile.lock\" \"${PODS_ROOT}/Manifest.lock\" > /dev/null\nif [[ $? != 0 ]] ; then\n    cat << EOM\nerror: The sandbox is not in sync with the Podfile.lock. Run 'pod install' or update your CocoaPods installation.\nEOM\n    exit 1\nfi\n";
			showEnvVarsInLog = 0;
		};
		A4F7947B35234663A4003B7C /* Copy Pods Resources */ = {
			isa = PBXShellScriptBuildPhase;
			buildActionMask = 2147483647;
			files = (
			);
			inputPaths = (
			);
			name = "Copy Pods Resources";
			outputPaths = (
			);
			runOnlyForDeploymentPostprocessing = 0;
			shellPath = /bin/sh;
			shellScript = "\"${SRCROOT}/Pods/Pods-AutoLayoutKitTests-resources.sh\"\n";
			showEnvVarsInLog = 0;
		};
		C8C2D1D831FD4C68B0FDFA48 /* Check Pods Manifest.lock */ = {
			isa = PBXShellScriptBuildPhase;
			buildActionMask = 2147483647;
			files = (
			);
			inputPaths = (
			);
			name = "Check Pods Manifest.lock";
			outputPaths = (
			);
			runOnlyForDeploymentPostprocessing = 0;
			shellPath = /bin/sh;
			shellScript = "diff \"${PODS_ROOT}/../Podfile.lock\" \"${PODS_ROOT}/Manifest.lock\" > /dev/null\nif [[ $? != 0 ]] ; then\n    cat << EOM\nerror: The sandbox is not in sync with the Podfile.lock. Run 'pod install' or update your CocoaPods installation.\nEOM\n    exit 1\nfi\n";
			showEnvVarsInLog = 0;
		};
		D7B9EA35131C40E9948962F3 /* Copy Pods Resources */ = {
			isa = PBXShellScriptBuildPhase;
			buildActionMask = 2147483647;
			files = (
			);
			inputPaths = (
			);
			name = "Copy Pods Resources";
			outputPaths = (
			);
			runOnlyForDeploymentPostprocessing = 0;
			shellPath = /bin/sh;
			shellScript = "\"${SRCROOT}/Pods/Pods-resources.sh\"\n";
			showEnvVarsInLog = 0;
		};
/* End PBXShellScriptBuildPhase section */

/* Begin PBXSourcesBuildPhase section */
		CFA9AFFD1784365600D320ED /* Sources */ = {
			isa = PBXSourcesBuildPhase;
			buildActionMask = 2147483647;
			files = (
				CF535202186C520D008210D9 /* LKPTextFieldView.m in Sources */,
				CF5351F0186B2541008210D9 /* LKPSimpleView.m in Sources */,
				CF5351ED186B24C9008210D9 /* LKPSimpleViewController.m in Sources */,
				CFA9B0111784365600D320ED /* main.m in Sources */,
				CFA9B0151784365600D320ED /* LKPAppDelegate.m in Sources */,
				CFA9B01E1784365600D320ED /* LKPMainViewController.m in Sources */,
				CF5351F8186B49D3008210D9 /* LKPMainMenuItem.m in Sources */,
				CF535206186C5736008210D9 /* LKPTextViewContainer.m in Sources */,
				CF5351FF186C51A0008210D9 /* LKPTextFieldViewController.m in Sources */,
				CF5351F9186B49E7008210D9 /* LKPMainMenuController.m in Sources */,
			);
			runOnlyForDeploymentPostprocessing = 0;
		};
		CFE173701882E33E00B319D0 /* Sources */ = {
			isa = PBXSourcesBuildPhase;
			buildActionMask = 2147483647;
			files = (
				CFE173801882E33E00B319D0 /* AutoLayoutKitTests.m in Sources */,
				CF409E0C1885E5000054997B /* LayoutTests.m in Sources */,
				CF8F9AD818986A5100801EE2 /* PriorityTests.m in Sources */,
			);
			runOnlyForDeploymentPostprocessing = 0;
		};
/* End PBXSourcesBuildPhase section */

/* Begin PBXTargetDependency section */
		CFE173831882E33E00B319D0 /* PBXTargetDependency */ = {
			isa = PBXTargetDependency;
			target = CFA9B0001784365600D320ED /* LayoutKitPrototype */;
			targetProxy = CFE173821882E33E00B319D0 /* PBXContainerItemProxy */;
		};
/* End PBXTargetDependency section */

/* Begin PBXVariantGroup section */
		CFA9B00D1784365600D320ED /* InfoPlist.strings */ = {
			isa = PBXVariantGroup;
			children = (
				CFA9B00E1784365600D320ED /* en */,
			);
			name = InfoPlist.strings;
			sourceTree = "<group>";
		};
		CFE1737C1882E33E00B319D0 /* InfoPlist.strings */ = {
			isa = PBXVariantGroup;
			children = (
				CFE1737D1882E33E00B319D0 /* en */,
			);
			name = InfoPlist.strings;
			sourceTree = "<group>";
		};
/* End PBXVariantGroup section */

/* Begin XCBuildConfiguration section */
		CFA9B0251784365600D320ED /* Debug */ = {
			isa = XCBuildConfiguration;
			buildSettings = {
				ALWAYS_SEARCH_USER_PATHS = NO;
				CLANG_CXX_LANGUAGE_STANDARD = "gnu++0x";
				CLANG_CXX_LIBRARY = "libc++";
				CLANG_ENABLE_OBJC_ARC = YES;
				CLANG_WARN_CONSTANT_CONVERSION = YES;
				CLANG_WARN_EMPTY_BODY = YES;
				CLANG_WARN_ENUM_CONVERSION = YES;
				CLANG_WARN_INT_CONVERSION = YES;
				CLANG_WARN__DUPLICATE_METHOD_MATCH = YES;
				"CODE_SIGN_IDENTITY[sdk=iphoneos*]" = "iPhone Developer";
				COPY_PHASE_STRIP = NO;
				GCC_C_LANGUAGE_STANDARD = gnu99;
				GCC_DYNAMIC_NO_PIC = NO;
				GCC_OPTIMIZATION_LEVEL = 0;
				GCC_PREPROCESSOR_DEFINITIONS = (
					"DEBUG=1",
					"$(inherited)",
				);
				GCC_SYMBOLS_PRIVATE_EXTERN = NO;
				GCC_WARN_ABOUT_RETURN_TYPE = YES;
				GCC_WARN_UNINITIALIZED_AUTOS = YES;
				GCC_WARN_UNUSED_VARIABLE = YES;
				IPHONEOS_DEPLOYMENT_TARGET = 6.1;
				ONLY_ACTIVE_ARCH = YES;
				SDKROOT = iphoneos;
				TARGETED_DEVICE_FAMILY = "1,2";
			};
			name = Debug;
		};
		CFA9B0261784365600D320ED /* Release */ = {
			isa = XCBuildConfiguration;
			buildSettings = {
				ALWAYS_SEARCH_USER_PATHS = NO;
				CLANG_CXX_LANGUAGE_STANDARD = "gnu++0x";
				CLANG_CXX_LIBRARY = "libc++";
				CLANG_ENABLE_OBJC_ARC = YES;
				CLANG_WARN_CONSTANT_CONVERSION = YES;
				CLANG_WARN_EMPTY_BODY = YES;
				CLANG_WARN_ENUM_CONVERSION = YES;
				CLANG_WARN_INT_CONVERSION = YES;
				CLANG_WARN__DUPLICATE_METHOD_MATCH = YES;
				"CODE_SIGN_IDENTITY[sdk=iphoneos*]" = "iPhone Developer";
				COPY_PHASE_STRIP = YES;
				GCC_C_LANGUAGE_STANDARD = gnu99;
				GCC_WARN_ABOUT_RETURN_TYPE = YES;
				GCC_WARN_UNINITIALIZED_AUTOS = YES;
				GCC_WARN_UNUSED_VARIABLE = YES;
				IPHONEOS_DEPLOYMENT_TARGET = 6.1;
				OTHER_CFLAGS = "-DNS_BLOCK_ASSERTIONS=1";
				SDKROOT = iphoneos;
				TARGETED_DEVICE_FAMILY = "1,2";
				VALIDATE_PRODUCT = YES;
			};
			name = Release;
		};
		CFA9B0281784365600D320ED /* Debug */ = {
			isa = XCBuildConfiguration;
			baseConfigurationReference = 83F409991E004A039B18F420 /* Pods.xcconfig */;
			buildSettings = {
				ASSETCATALOG_COMPILER_APPICON_NAME = AppIcon;
				ASSETCATALOG_COMPILER_LAUNCHIMAGE_NAME = LaunchImage;
				GCC_PRECOMPILE_PREFIX_HEADER = YES;
				GCC_PREFIX_HEADER = "LayoutKitPrototype/LayoutKitPrototype-Prefix.pch";
				INFOPLIST_FILE = "LayoutKitPrototype/LayoutKitPrototype-Info.plist";
				PRODUCT_NAME = "$(TARGET_NAME)";
				WRAPPER_EXTENSION = app;
			};
			name = Debug;
		};
		CFA9B0291784365600D320ED /* Release */ = {
			isa = XCBuildConfiguration;
			baseConfigurationReference = 83F409991E004A039B18F420 /* Pods.xcconfig */;
			buildSettings = {
				ASSETCATALOG_COMPILER_APPICON_NAME = AppIcon;
				ASSETCATALOG_COMPILER_LAUNCHIMAGE_NAME = LaunchImage;
				GCC_PRECOMPILE_PREFIX_HEADER = YES;
				GCC_PREFIX_HEADER = "LayoutKitPrototype/LayoutKitPrototype-Prefix.pch";
				INFOPLIST_FILE = "LayoutKitPrototype/LayoutKitPrototype-Info.plist";
				PRODUCT_NAME = "$(TARGET_NAME)";
				WRAPPER_EXTENSION = app;
			};
			name = Release;
		};
		CFE173841882E33E00B319D0 /* Debug */ = {
			isa = XCBuildConfiguration;
			baseConfigurationReference = 61B20BC253E14DE4B5CE9F69 /* Pods-AutoLayoutKitTests.xcconfig */;
			buildSettings = {
				ARCHS = "$(ARCHS_STANDARD_INCLUDING_64_BIT)";
				BUNDLE_LOADER = "$(BUILT_PRODUCTS_DIR)/LayoutKitPrototype.app/LayoutKitPrototype";
				CLANG_ENABLE_MODULES = YES;
				CLANG_WARN_BOOL_CONVERSION = YES;
				CLANG_WARN_DIRECT_OBJC_ISA_USAGE = YES_ERROR;
				CLANG_WARN_OBJC_ROOT_CLASS = YES_ERROR;
				FRAMEWORK_SEARCH_PATHS = (
					"$(SDKROOT)/Developer/Library/Frameworks",
					"$(inherited)",
					"$(DEVELOPER_FRAMEWORKS_DIR)",
				);
				GCC_PRECOMPILE_PREFIX_HEADER = YES;
				GCC_PREFIX_HEADER = "AutoLayoutKitTests/AutoLayoutKitTests-Prefix.pch";
				GCC_PREPROCESSOR_DEFINITIONS = (
					"DEBUG=1",
					"$(inherited)",
				);
				GCC_WARN_64_TO_32_BIT_CONVERSION = YES;
				GCC_WARN_ABOUT_RETURN_TYPE = YES_ERROR;
				GCC_WARN_UNDECLARED_SELECTOR = YES;
				GCC_WARN_UNUSED_FUNCTION = YES;
				INFOPLIST_FILE = "AutoLayoutKitTests/AutoLayoutKitTests-Info.plist";
				IPHONEOS_DEPLOYMENT_TARGET = 7.0;
				PRODUCT_NAME = "$(TARGET_NAME)";
				TEST_HOST = "$(BUNDLE_LOADER)";
				WRAPPER_EXTENSION = xctest;
			};
			name = Debug;
		};
		CFE173851882E33E00B319D0 /* Release */ = {
			isa = XCBuildConfiguration;
			baseConfigurationReference = 61B20BC253E14DE4B5CE9F69 /* Pods-AutoLayoutKitTests.xcconfig */;
			buildSettings = {
				ARCHS = "$(ARCHS_STANDARD_INCLUDING_64_BIT)";
				BUNDLE_LOADER = "$(BUILT_PRODUCTS_DIR)/LayoutKitPrototype.app/LayoutKitPrototype";
				CLANG_ENABLE_MODULES = YES;
				CLANG_WARN_BOOL_CONVERSION = YES;
				CLANG_WARN_DIRECT_OBJC_ISA_USAGE = YES_ERROR;
				CLANG_WARN_OBJC_ROOT_CLASS = YES_ERROR;
				ENABLE_NS_ASSERTIONS = NO;
				FRAMEWORK_SEARCH_PATHS = (
					"$(SDKROOT)/Developer/Library/Frameworks",
					"$(inherited)",
					"$(DEVELOPER_FRAMEWORKS_DIR)",
				);
				GCC_PRECOMPILE_PREFIX_HEADER = YES;
				GCC_PREFIX_HEADER = "AutoLayoutKitTests/AutoLayoutKitTests-Prefix.pch";
				GCC_WARN_64_TO_32_BIT_CONVERSION = YES;
				GCC_WARN_ABOUT_RETURN_TYPE = YES_ERROR;
				GCC_WARN_UNDECLARED_SELECTOR = YES;
				GCC_WARN_UNUSED_FUNCTION = YES;
				INFOPLIST_FILE = "AutoLayoutKitTests/AutoLayoutKitTests-Info.plist";
				IPHONEOS_DEPLOYMENT_TARGET = 7.0;
				PRODUCT_NAME = "$(TARGET_NAME)";
				TEST_HOST = "$(BUNDLE_LOADER)";
				WRAPPER_EXTENSION = xctest;
			};
			name = Release;
		};
/* End XCBuildConfiguration section */

/* Begin XCConfigurationList section */
		CFA9AFFC1784365600D320ED /* Build configuration list for PBXProject "LayoutKitPrototype" */ = {
			isa = XCConfigurationList;
			buildConfigurations = (
				CFA9B0251784365600D320ED /* Debug */,
				CFA9B0261784365600D320ED /* Release */,
			);
			defaultConfigurationIsVisible = 0;
			defaultConfigurationName = Release;
		};
		CFA9B0271784365600D320ED /* Build configuration list for PBXNativeTarget "LayoutKitPrototype" */ = {
			isa = XCConfigurationList;
			buildConfigurations = (
				CFA9B0281784365600D320ED /* Debug */,
				CFA9B0291784365600D320ED /* Release */,
			);
			defaultConfigurationIsVisible = 0;
			defaultConfigurationName = Release;
		};
		CFE173861882E33E00B319D0 /* Build configuration list for PBXNativeTarget "AutoLayoutKitTests" */ = {
			isa = XCConfigurationList;
			buildConfigurations = (
				CFE173841882E33E00B319D0 /* Debug */,
				CFE173851882E33E00B319D0 /* Release */,
			);
			defaultConfigurationIsVisible = 0;
			defaultConfigurationName = Release;
		};
/* End XCConfigurationList section */
	};
	rootObject = CFA9AFF91784365600D320ED /* Project object */;
}
